
Microsoft Visual Studio Solution File, Format Version 12.00
# Visual Studio Version 17
VisualStudioVersion = 17.5.33516.290
MinimumVisualStudioVersion = 10.0.40219.1
Project("{FAE04EC0-301F-11D3-BF4B-00C04F79EFBC}") = "DRK.ProgDec.BL.Models", "DRK.ProgDec.BL.Models\DRK.ProgDec.BL.Models.csproj", "{2CE37A00-0799-4A41-B2C5-05A7A2BAC984}"
EndProject
Global
	GlobalSection(SolutionConfigurationPlatforms) = preSolution
		Debug|Any CPU = Debug|Any CPU
		Release|Any CPU = Release|Any CPU
	EndGlobalSection
	GlobalSection(ProjectConfigurationPlatforms) = postSolution
		{2CE37A00-0799-4A41-B2C5-05A7A2BAC984}.Debug|Any CPU.ActiveCfg = Debug|Any CPU
		{2CE37A00-0799-4A41-B2C5-05A7A2BAC984}.Debug|Any CPU.Build.0 = Debug|Any CPU
		{2CE37A00-0799-4A41-B2C5-05A7A2BAC984}.Release|Any CPU.ActiveCfg = Release|Any CPU
		{2CE37A00-0799-4A41-B2C5-05A7A2BAC984}.Release|Any CPU.Build.0 = Release|Any CPU
	EndGlobalSection
	GlobalSection(SolutionProperties) = preSolution
		HideSolutionNode = FALSE
	EndGlobalSection
	GlobalSection(ExtensibilityGlobals) = postSolution
		SolutionGuid = {2EE5EADA-D619-4427-9494-EF24B2446DE2}
	EndGlobalSection
EndGlobal
