
Microsoft Visual Studio Solution File, Format Version 12.00
# Visual Studio Version 17
VisualStudioVersion = 17.5.33516.290
MinimumVisualStudioVersion = 10.0.40219.1
Project("{9A19103F-16F7-4668-BE54-9A1E7A4F7556}") = "DRK.ProgDec.BL.Models", "DRK.ProgDec.BL.Models\DRK.ProgDec.BL.Models.csproj", "{2CE37A00-0799-4A41-B2C5-05A7A2BAC984}"
EndProject
Project("{00D1A9C2-B5F0-4AF3-8072-F6C62B433612}") = "DRK.ProgDec.DB", "DRK.ProgDec.DB\DRK.ProgDec.DB.sqlproj", "{DB11DE02-A99A-4F22-8DBC-9512D6A0D9A2}"
EndProject
Project("{9A19103F-16F7-4668-BE54-9A1E7A4F7556}") = "DRK.ProgDec.PL", "DRK.ProgDec.PL\DRK.ProgDec.PL.csproj", "{5CE13481-3119-441D-A16A-4609820DE0F0}"
EndProject
Project("{2150E333-8FDC-42A3-9474-1A3956D46DE8}") = "Solution Items", "Solution Items", "{18026E6B-CD68-41BB-A535-62A3A90B0BC2}"
	ProjectSection(SolutionItems) = preProject
		TextFile1.txt = TextFile1.txt
	EndProjectSection
EndProject
Project("{FAE04EC0-301F-11D3-BF4B-00C04F79EFBC}") = "DRK.ProgDec.PL.Test", "DRK.ProgDec.PL.Test\DRK.ProgDec.PL.Test.csproj", "{C8E991CA-FCF7-4282-B430-12456A4E99B8}"
EndProject
Global
	GlobalSection(SolutionConfigurationPlatforms) = preSolution
		Debug|Any CPU = Debug|Any CPU
		Release|Any CPU = Release|Any CPU
	EndGlobalSection
	GlobalSection(ProjectConfigurationPlatforms) = postSolution
		{2CE37A00-0799-4A41-B2C5-05A7A2BAC984}.Debug|Any CPU.ActiveCfg = Debug|Any CPU
		{2CE37A00-0799-4A41-B2C5-05A7A2BAC984}.Debug|Any CPU.Build.0 = Debug|Any CPU
		{2CE37A00-0799-4A41-B2C5-05A7A2BAC984}.Release|Any CPU.ActiveCfg = Release|Any CPU
		{2CE37A00-0799-4A41-B2C5-05A7A2BAC984}.Release|Any CPU.Build.0 = Release|Any CPU
		{DB11DE02-A99A-4F22-8DBC-9512D6A0D9A2}.Debug|Any CPU.ActiveCfg = Debug|Any CPU
		{DB11DE02-A99A-4F22-8DBC-9512D6A0D9A2}.Debug|Any CPU.Build.0 = Debug|Any CPU
		{DB11DE02-A99A-4F22-8DBC-9512D6A0D9A2}.Debug|Any CPU.Deploy.0 = Debug|Any CPU
		{DB11DE02-A99A-4F22-8DBC-9512D6A0D9A2}.Release|Any CPU.ActiveCfg = Release|Any CPU
		{DB11DE02-A99A-4F22-8DBC-9512D6A0D9A2}.Release|Any CPU.Build.0 = Release|Any CPU
		{DB11DE02-A99A-4F22-8DBC-9512D6A0D9A2}.Release|Any CPU.Deploy.0 = Release|Any CPU
		{5CE13481-3119-441D-A16A-4609820DE0F0}.Debug|Any CPU.ActiveCfg = Debug|Any CPU
		{5CE13481-3119-441D-A16A-4609820DE0F0}.Debug|Any CPU.Build.0 = Debug|Any CPU
		{5CE13481-3119-441D-A16A-4609820DE0F0}.Release|Any CPU.ActiveCfg = Release|Any CPU
		{5CE13481-3119-441D-A16A-4609820DE0F0}.Release|Any CPU.Build.0 = Release|Any CPU
		{C8E991CA-FCF7-4282-B430-12456A4E99B8}.Debug|Any CPU.ActiveCfg = Debug|Any CPU
		{C8E991CA-FCF7-4282-B430-12456A4E99B8}.Debug|Any CPU.Build.0 = Debug|Any CPU
		{C8E991CA-FCF7-4282-B430-12456A4E99B8}.Release|Any CPU.ActiveCfg = Release|Any CPU
		{C8E991CA-FCF7-4282-B430-12456A4E99B8}.Release|Any CPU.Build.0 = Release|Any CPU
	EndGlobalSection
	GlobalSection(SolutionProperties) = preSolution
		HideSolutionNode = FALSE
	EndGlobalSection
	GlobalSection(ExtensibilityGlobals) = postSolution
		SolutionGuid = {2EE5EADA-D619-4427-9494-EF24B2446DE2}
	EndGlobalSection
EndGlobal
